
Microsoft Visual Studio Solution File, Format Version 12.00
# Visual Studio 14
VisualStudioVersion = 14.0.24720.0
MinimumVisualStudioVersion = 10.0.40219.1
Project("{FAE04EC0-301F-11D3-BF4B-00C04F79EFBC}") = "SendInBlue", "SendInBlue\SendInBlue.csproj", "{5AB1EAD8-3044-48A6-B434-0FF3D8708C4E}"
EndProject
Project("{FAE04EC0-301F-11D3-BF4B-00C04F79EFBC}") = "SendInBlue.Tests", "SendInBlue.Tests\SendInBlue.Tests.csproj", "{0E53543F-55F8-40DF-A9E3-02BC11CB9880}"
EndProject
Global
	GlobalSection(SolutionConfigurationPlatforms) = preSolution
		Debug|Any CPU = Debug|Any CPU
		Release|Any CPU = Release|Any CPU
	EndGlobalSection
	GlobalSection(ProjectConfigurationPlatforms) = postSolution
		{5AB1EAD8-3044-48A6-B434-0FF3D8708C4E}.Debug|Any CPU.ActiveCfg = Debug|Any CPU
		{5AB1EAD8-3044-48A6-B434-0FF3D8708C4E}.Debug|Any CPU.Build.0 = Debug|Any CPU
		{5AB1EAD8-3044-48A6-B434-0FF3D8708C4E}.Release|Any CPU.ActiveCfg = Release|Any CPU
		{5AB1EAD8-3044-48A6-B434-0FF3D8708C4E}.Release|Any CPU.Build.0 = Release|Any CPU
		{0E53543F-55F8-40DF-A9E3-02BC11CB9880}.Debug|Any CPU.ActiveCfg = Debug|Any CPU
		{0E53543F-55F8-40DF-A9E3-02BC11CB9880}.Debug|Any CPU.Build.0 = Debug|Any CPU
		{0E53543F-55F8-40DF-A9E3-02BC11CB9880}.Release|Any CPU.ActiveCfg = Release|Any CPU
		{0E53543F-55F8-40DF-A9E3-02BC11CB9880}.Release|Any CPU.Build.0 = Release|Any CPU
	EndGlobalSection
	GlobalSection(SolutionProperties) = preSolution
		HideSolutionNode = FALSE
	EndGlobalSection
EndGlobal
